
Microsoft Visual Studio Solution File, Format Version 12.00
# Visual Studio 14
VisualStudioVersion = 14.0.25420.1
MinimumVisualStudioVersion = 10.0.40219.1
Project("{FAE04EC0-301F-11D3-BF4B-00C04F79EFBC}") = "SADTRESULT", "SADTRESULT\SADTRESULT.csproj", "{31647B12-29A1-4795-9A33-F63162A0F827}"
EndProject
Project("{54435603-DBB4-11D2-8724-00A0C9A8B90C}") = "Setup", "Setup\Setup.vdproj", "{73312253-3400-4CDC-BCB3-6E005EC3674A}"
EndProject
Project("{FAE04EC0-301F-11D3-BF4B-00C04F79EFBC}") = "SADTRESULT_INTERFACE", "SADTRESULT_INTERFACE\SADTRESULT_INTERFACE.csproj", "{3F77CBFC-7C71-4DF2-8577-910F9E8A2493}"
EndProject
Project("{54435603-DBB4-11D2-8724-00A0C9A8B90C}") = "SADTRESULT_INTERFACE_SETUP", "SADTRESULT_INTERFACE_SETUP\SADTRESULT_INTERFACE_SETUP.vdproj", "{BD6828ED-EB15-4C68-94FF-D8AE4A20F996}"
EndProject
Global
	GlobalSection(SolutionConfigurationPlatforms) = preSolution
		Debug|Any CPU = Debug|Any CPU
		Release|Any CPU = Release|Any CPU
	EndGlobalSection
	GlobalSection(ProjectConfigurationPlatforms) = postSolution
		{31647B12-29A1-4795-9A33-F63162A0F827}.Debug|Any CPU.ActiveCfg = Debug|Any CPU
		{31647B12-29A1-4795-9A33-F63162A0F827}.Debug|Any CPU.Build.0 = Debug|Any CPU
		{31647B12-29A1-4795-9A33-F63162A0F827}.Debug|Any CPU.Deploy.0 = Debug|Any CPU
		{31647B12-29A1-4795-9A33-F63162A0F827}.Release|Any CPU.ActiveCfg = Release|Any CPU
		{31647B12-29A1-4795-9A33-F63162A0F827}.Release|Any CPU.Build.0 = Release|Any CPU
		{73312253-3400-4CDC-BCB3-6E005EC3674A}.Debug|Any CPU.ActiveCfg = Debug
		{73312253-3400-4CDC-BCB3-6E005EC3674A}.Debug|Any CPU.Build.0 = Debug
		{73312253-3400-4CDC-BCB3-6E005EC3674A}.Release|Any CPU.ActiveCfg = Release
		{3F77CBFC-7C71-4DF2-8577-910F9E8A2493}.Debug|Any CPU.ActiveCfg = Debug|Any CPU
		{3F77CBFC-7C71-4DF2-8577-910F9E8A2493}.Debug|Any CPU.Build.0 = Debug|Any CPU
		{3F77CBFC-7C71-4DF2-8577-910F9E8A2493}.Release|Any CPU.ActiveCfg = Release|Any CPU
		{3F77CBFC-7C71-4DF2-8577-910F9E8A2493}.Release|Any CPU.Build.0 = Release|Any CPU
		{BD6828ED-EB15-4C68-94FF-D8AE4A20F996}.Debug|Any CPU.ActiveCfg = Debug
		{BD6828ED-EB15-4C68-94FF-D8AE4A20F996}.Debug|Any CPU.Build.0 = Debug
		{BD6828ED-EB15-4C68-94FF-D8AE4A20F996}.Release|Any CPU.ActiveCfg = Release
	EndGlobalSection
	GlobalSection(SolutionProperties) = preSolution
		HideSolutionNode = FALSE
	EndGlobalSection
EndGlobal
